
Microsoft Visual Studio Solution File, Format Version 12.00
# Visual Studio Version 17
VisualStudioVersion = 17.14.36518.9 d17.14
MinimumVisualStudioVersion = 10.0.40219.1
Project("{FAE04EC0-301F-11D3-BF4B-00C04F79EFBC}") = "SafeRouteApi", "SafeRouteApi\SafeRouteApi.csproj", "{F041BFAA-366E-4B80-9F75-C85CC2D41B84}"
EndProject
Global
	GlobalSection(SolutionConfigurationPlatforms) = preSolution
		Debug|Any CPU = Debug|Any CPU
		Release|Any CPU = Release|Any CPU
	EndGlobalSection
	GlobalSection(ProjectConfigurationPlatforms) = postSolution
		{F041BFAA-366E-4B80-9F75-C85CC2D41B84}.Debug|Any CPU.ActiveCfg = Debug|Any CPU
		{F041BFAA-366E-4B80-9F75-C85CC2D41B84}.Debug|Any CPU.Build.0 = Debug|Any CPU
		{F041BFAA-366E-4B80-9F75-C85CC2D41B84}.Release|Any CPU.ActiveCfg = Release|Any CPU
		{F041BFAA-366E-4B80-9F75-C85CC2D41B84}.Release|Any CPU.Build.0 = Release|Any CPU
	EndGlobalSection
	GlobalSection(SolutionProperties) = preSolution
		HideSolutionNode = FALSE
	EndGlobalSection
	GlobalSection(ExtensibilityGlobals) = postSolution
		SolutionGuid = {CFB3B064-02EE-4400-B073-426229C71D3A}
	EndGlobalSection
EndGlobal
